// !$*UTF8*$!
{
	archiveVersion = 1;
	classes = {
	};
	objectVersion = 77;
	objects = {

/* Begin PBXBuildFile section */
		E29529F12DE6E2BA00D0D81C /* Auth0 in Frameworks */ = {isa = PBXBuildFile; productRef = E29529F02DE6E2BA00D0D81C /* Auth0 */; };
		E29529F72DE6E3DB00D0D81C /* Auth0.plist in Resources */ = {isa = PBXBuildFile; fileRef = E29529F62DE6E3DB00D0D81C /* Auth0.plist */; };
/* End PBXBuildFile section */

/* Begin PBXContainerItemProxy section */
		E2A4074E2DB7626100D8D181 /* PBXContainerItemProxy */ = {
			isa = PBXContainerItemProxy;
			containerPortal = E2A407362DB7625F00D8D181 /* Project object */;
			proxyType = 1;
			remoteGlobalIDString = E2A4073D2DB7625F00D8D181;
			remoteInfo = SnackSense;
		};
		E2A407582DB7626100D8D181 /* PBXContainerItemProxy */ = {
			isa = PBXContainerItemProxy;
			containerPortal = E2A407362DB7625F00D8D181 /* Project object */;
			proxyType = 1;
			remoteGlobalIDString = E2A4073D2DB7625F00D8D181;
			remoteInfo = SnackSense;
		};
/* End PBXContainerItemProxy section */

/* Begin PBXFileReference section */
		E29529F62DE6E3DB00D0D81C /* Auth0.plist */ = {isa = PBXFileReference; lastKnownFileType = text.plist.xml; path = Auth0.plist; sourceTree = "<group>"; };
		E2A4073E2DB7625F00D8D181 /* SnackSense.app */ = {isa = PBXFileReference; explicitFileType = wrapper.application; includeInIndex = 0; path = SnackSense.app; sourceTree = BUILT_PRODUCTS_DIR; };
		E2A4074D2DB7626100D8D181 /* SnackSenseTests.xctest */ = {isa = PBXFileReference; explicitFileType = wrapper.cfbundle; includeInIndex = 0; path = SnackSenseTests.xctest; sourceTree = BUILT_PRODUCTS_DIR; };
		E2A407572DB7626100D8D181 /* SnackSenseUITests.xctest */ = {isa = PBXFileReference; explicitFileType = wrapper.cfbundle; includeInIndex = 0; path = SnackSenseUITests.xctest; sourceTree = BUILT_PRODUCTS_DIR; };
/* End PBXFileReference section */

/* Begin PBXFileSystemSynchronizedBuildFileExceptionSet section */
		E29529F92DE6E7DB00D0D81C /* Exceptions for "SnackSense" folder in "SnackSense" target */ = {
			isa = PBXFileSystemSynchronizedBuildFileExceptionSet;
			membershipExceptions = (
				Info.plist,
			);
			target = E2A4073D2DB7625F00D8D181 /* SnackSense */;
		};
/* End PBXFileSystemSynchronizedBuildFileExceptionSet section */

/* Begin PBXFileSystemSynchronizedRootGroup section */
		E2A407402DB7625F00D8D181 /* SnackSense */ = {
			isa = PBXFileSystemSynchronizedRootGroup;
			exceptions = (
				E29529F92DE6E7DB00D0D81C /* Exceptions for "SnackSense" folder in "SnackSense" target */,
			);
			path = SnackSense;
			sourceTree = "<group>";
		};
		E2A407502DB7626100D8D181 /* SnackSenseTests */ = {
			isa = PBXFileSystemSynchronizedRootGroup;
			path = SnackSenseTests;
			sourceTree = "<group>";
		};
		E2A4075A2DB7626100D8D181 /* SnackSenseUITests */ = {
			isa = PBXFileSystemSynchronizedRootGroup;
			path = SnackSenseUITests;
			sourceTree = "<group>";
		};
/* End PBXFileSystemSynchronizedRootGroup section */

/* Begin PBXFrameworksBuildPhase section */
		E2A4073B2DB7625F00D8D181 /* Frameworks */ = {
			isa = PBXFrameworksBuildPhase;
			buildActionMask = 2147483647;
			files = (
				E29529F12DE6E2BA00D0D81C /* Auth0 in Frameworks */,
			);
			runOnlyForDeploymentPostprocessing = 0;
		};
		E2A4074A2DB7626100D8D181 /* Frameworks */ = {
			isa = PBXFrameworksBuildPhase;
			buildActionMask = 2147483647;
			files = (
			);
			runOnlyForDeploymentPostprocessing = 0;
		};
		E2A407542DB7626100D8D181 /* Frameworks */ = {
			isa = PBXFrameworksBuildPhase;
			buildActionMask = 2147483647;
			files = (
			);
			runOnlyForDeploymentPostprocessing = 0;
		};
/* End PBXFrameworksBuildPhase section */

/* Begin PBXGroup section */
		E29529EF2DE6E2BA00D0D81C /* Frameworks */ = {
			isa = PBXGroup;
			children = (
			);
			name = Frameworks;
			sourceTree = "<group>";
		};
		E2A407352DB7625F00D8D181 = {
			isa = PBXGroup;
			children = (
				E29529F62DE6E3DB00D0D81C /* Auth0.plist */,
				E2A407402DB7625F00D8D181 /* SnackSense */,
				E2A407502DB7626100D8D181 /* SnackSenseTests */,
				E2A4075A2DB7626100D8D181 /* SnackSenseUITests */,
				E29529EF2DE6E2BA00D0D81C /* Frameworks */,
				E2A4073F2DB7625F00D8D181 /* Products */,
			);
			sourceTree = "<group>";
		};
		E2A4073F2DB7625F00D8D181 /* Products */ = {
			isa = PBXGroup;
			children = (
				E2A4073E2DB7625F00D8D181 /* SnackSense.app */,
				E2A4074D2DB7626100D8D181 /* SnackSenseTests.xctest */,
				E2A407572DB7626100D8D181 /* SnackSenseUITests.xctest */,
			);
			name = Products;
			sourceTree = "<group>";
		};
/* End PBXGroup section */

/* Begin PBXNativeTarget section */
		E2A4073D2DB7625F00D8D181 /* SnackSense */ = {
			isa = PBXNativeTarget;
			buildConfigurationList = E2A407612DB7626100D8D181 /* Build configuration list for PBXNativeTarget "SnackSense" */;
			buildPhases = (
				E2A4073A2DB7625F00D8D181 /* Sources */,
				E2A4073B2DB7625F00D8D181 /* Frameworks */,
				E2A4073C2DB7625F00D8D181 /* Resources */,
			);
			buildRules = (
			);
			dependencies = (
			);
			fileSystemSynchronizedGroups = (
				E2A407402DB7625F00D8D181 /* SnackSense */,
			);
			name = SnackSense;
			packageProductDependencies = (
				E29529F02DE6E2BA00D0D81C /* Auth0 */,
			);
			productName = SnackSense;
			productReference = E2A4073E2DB7625F00D8D181 /* SnackSense.app */;
			productType = "com.apple.product-type.application";
		};
		E2A4074C2DB7626100D8D181 /* SnackSenseTests */ = {
			isa = PBXNativeTarget;
			buildConfigurationList = E2A407642DB7626100D8D181 /* Build configuration list for PBXNativeTarget "SnackSenseTests" */;
			buildPhases = (
				E2A407492DB7626100D8D181 /* Sources */,
				E2A4074A2DB7626100D8D181 /* Frameworks */,
				E2A4074B2DB7626100D8D181 /* Resources */,
			);
			buildRules = (
			);
			dependencies = (
				E2A4074F2DB7626100D8D181 /* PBXTargetDependency */,
			);
			fileSystemSynchronizedGroups = (
				E2A407502DB7626100D8D181 /* SnackSenseTests */,
			);
			name = SnackSenseTests;
			packageProductDependencies = (
			);
			productName = SnackSenseTests;
			productReference = E2A4074D2DB7626100D8D181 /* SnackSenseTests.xctest */;
			productType = "com.apple.product-type.bundle.unit-test";
		};
		E2A407562DB7626100D8D181 /* SnackSenseUITests */ = {
			isa = PBXNativeTarget;
			buildConfigurationList = E2A407672DB7626100D8D181 /* Build configuration list for PBXNativeTarget "SnackSenseUITests" */;
			buildPhases = (
				E2A407532DB7626100D8D181 /* Sources */,
				E2A407542DB7626100D8D181 /* Frameworks */,
				E2A407552DB7626100D8D181 /* Resources */,
			);
			buildRules = (
			);
			dependencies = (
				E2A407592DB7626100D8D181 /* PBXTargetDependency */,
			);
			fileSystemSynchronizedGroups = (
				E2A4075A2DB7626100D8D181 /* SnackSenseUITests */,
			);
			name = SnackSenseUITests;
			packageProductDependencies = (
			);
			productName = SnackSenseUITests;
			productReference = E2A407572DB7626100D8D181 /* SnackSenseUITests.xctest */;
			productType = "com.apple.product-type.bundle.ui-testing";
		};
/* End PBXNativeTarget section */

/* Begin PBXProject section */
		E2A407362DB7625F00D8D181 /* Project object */ = {
			isa = PBXProject;
			attributes = {
				BuildIndependentTargetsInParallel = 1;
				LastSwiftUpdateCheck = 1630;
				LastUpgradeCheck = 1630;
				TargetAttributes = {
					E2A4073D2DB7625F00D8D181 = {
						CreatedOnToolsVersion = 16.3;
					};
					E2A4074C2DB7626100D8D181 = {
						CreatedOnToolsVersion = 16.3;
						TestTargetID = E2A4073D2DB7625F00D8D181;
					};
					E2A407562DB7626100D8D181 = {
						CreatedOnToolsVersion = 16.3;
						TestTargetID = E2A4073D2DB7625F00D8D181;
					};
				};
			};
			buildConfigurationList = E2A407392DB7625F00D8D181 /* Build configuration list for PBXProject "SnackSense" */;
			developmentRegion = en;
			hasScannedForEncodings = 0;
			knownRegions = (
				en,
				Base,
			);
			mainGroup = E2A407352DB7625F00D8D181;
			minimizedProjectReferenceProxies = 1;
			packageReferences = (
				E2DF1B102DE5A3A2004DA23A /* XCRemoteSwiftPackageReference "Auth0" */,
			);
			preferredProjectObjectVersion = 77;
			productRefGroup = E2A4073F2DB7625F00D8D181 /* Products */;
			projectDirPath = "";
			projectRoot = "";
			targets = (
				E2A4073D2DB7625F00D8D181 /* SnackSense */,
				E2A4074C2DB7626100D8D181 /* SnackSenseTests */,
				E2A407562DB7626100D8D181 /* SnackSenseUITests */,
			);
		};
/* End PBXProject section */

/* Begin PBXResourcesBuildPhase section */
		E2A4073C2DB7625F00D8D181 /* Resources */ = {
			isa = PBXResourcesBuildPhase;
			buildActionMask = 2147483647;
			files = (
				E29529F72DE6E3DB00D0D81C /* Auth0.plist in Resources */,
			);
			runOnlyForDeploymentPostprocessing = 0;
		};
		E2A4074B2DB7626100D8D181 /* Resources */ = {
			isa = PBXResourcesBuildPhase;
			buildActionMask = 2147483647;
			files = (
			);
			runOnlyForDeploymentPostprocessing = 0;
		};
		E2A407552DB7626100D8D181 /* Resources */ = {
			isa = PBXResourcesBuildPhase;
			buildActionMask = 2147483647;
			files = (
			);
			runOnlyForDeploymentPostprocessing = 0;
		};
/* End PBXResourcesBuildPhase section */

/* Begin PBXSourcesBuildPhase section */
		E2A4073A2DB7625F00D8D181 /* Sources */ = {
			isa = PBXSourcesBuildPhase;
			buildActionMask = 2147483647;
			files = (
			);
			runOnlyForDeploymentPostprocessing = 0;
		};
		E2A407492DB7626100D8D181 /* Sources */ = {
			isa = PBXSourcesBuildPhase;
			buildActionMask = 2147483647;
			files = (
			);
			runOnlyForDeploymentPostprocessing = 0;
		};
		E2A407532DB7626100D8D181 /* Sources */ = {
			isa = PBXSourcesBuildPhase;
			buildActionMask = 2147483647;
			files = (
			);
			runOnlyForDeploymentPostprocessing = 0;
		};
/* End PBXSourcesBuildPhase section */

/* Begin PBXTargetDependency section */
		E2A4074F2DB7626100D8D181 /* PBXTargetDependency */ = {
			isa = PBXTargetDependency;
			target = E2A4073D2DB7625F00D8D181 /* SnackSense */;
			targetProxy = E2A4074E2DB7626100D8D181 /* PBXContainerItemProxy */;
		};
		E2A407592DB7626100D8D181 /* PBXTargetDependency */ = {
			isa = PBXTargetDependency;
			target = E2A4073D2DB7625F00D8D181 /* SnackSense */;
			targetProxy = E2A407582DB7626100D8D181 /* PBXContainerItemProxy */;
		};
/* End PBXTargetDependency section */

/* Begin XCBuildConfiguration section */
		E2A4075F2DB7626100D8D181 /* Debug */ = {
			isa = XCBuildConfiguration;
			buildSettings = {
				ALWAYS_SEARCH_USER_PATHS = NO;
				ASSETCATALOG_COMPILER_GENERATE_SWIFT_ASSET_SYMBOL_EXTENSIONS = YES;
				CLANG_ANALYZER_NONNULL = YES;
				CLANG_ANALYZER_NUMBER_OBJECT_CONVERSION = YES_AGGRESSIVE;
				CLANG_CXX_LANGUAGE_STANDARD = "gnu++20";
				CLANG_ENABLE_MODULES = YES;
				CLANG_ENABLE_OBJC_ARC = YES;
				CLANG_ENABLE_OBJC_WEAK = YES;
				CLANG_WARN_BLOCK_CAPTURE_AUTORELEASING = YES;
				CLANG_WARN_BOOL_CONVERSION = YES;
				CLANG_WARN_COMMA = YES;
				CLANG_WARN_CONSTANT_CONVERSION = YES;
				CLANG_WARN_DEPRECATED_OBJC_IMPLEMENTATIONS = YES;
				CLANG_WARN_DIRECT_OBJC_ISA_USAGE = YES_ERROR;
				CLANG_WARN_DOCUMENTATION_COMMENTS = YES;
				CLANG_WARN_EMPTY_BODY = YES;
				CLANG_WARN_ENUM_CONVERSION = YES;
				CLANG_WARN_INFINITE_RECURSION = YES;
				CLANG_WARN_INT_CONVERSION = YES;
				CLANG_WARN_NON_LITERAL_NULL_CONVERSION = YES;
				CLANG_WARN_OBJC_IMPLICIT_RETAIN_SELF = YES;
				CLANG_WARN_OBJC_LITERAL_CONVERSION = YES;
				CLANG_WARN_OBJC_ROOT_CLASS = YES_ERROR;
				CLANG_WARN_QUOTED_INCLUDE_IN_FRAMEWORK_HEADER = YES;
				CLANG_WARN_RANGE_LOOP_ANALYSIS = YES;
				CLANG_WARN_STRICT_PROTOTYPES = YES;
				CLANG_WARN_SUSPICIOUS_MOVE = YES;
				CLANG_WARN_UNGUARDED_AVAILABILITY = YES_AGGRESSIVE;
				CLANG_WARN_UNREACHABLE_CODE = YES;
				CLANG_WARN__DUPLICATE_METHOD_MATCH = YES;
				COPY_PHASE_STRIP = NO;
				DEBUG_INFORMATION_FORMAT = dwarf;
				DEVELOPMENT_TEAM = 2Y4Z3VN3ZC;
				ENABLE_STRICT_OBJC_MSGSEND = YES;
				ENABLE_TESTABILITY = YES;
				ENABLE_USER_SCRIPT_SANDBOXING = YES;
				GCC_C_LANGUAGE_STANDARD = gnu17;
				GCC_DYNAMIC_NO_PIC = NO;
				GCC_NO_COMMON_BLOCKS = YES;
				GCC_OPTIMIZATION_LEVEL = 0;
				GCC_PREPROCESSOR_DEFINITIONS = (
					"DEBUG=1",
					"$(inherited)",
				);
				GCC_WARN_64_TO_32_BIT_CONVERSION = YES;
				GCC_WARN_ABOUT_RETURN_TYPE = YES_ERROR;
				GCC_WARN_UNDECLARED_SELECTOR = YES;
				GCC_WARN_UNINITIALIZED_AUTOS = YES_AGGRESSIVE;
				GCC_WARN_UNUSED_FUNCTION = YES;
				GCC_WARN_UNUSED_VARIABLE = YES;
				INFOPLIST_KEY_NSCameraUsageDescription = "SnackSense uses your camera to scan food labels and provide nutrition information.";
				IPHONEOS_DEPLOYMENT_TARGET = 18.4;
				LOCALIZATION_PREFERS_STRING_CATALOGS = YES;
				MTL_ENABLE_DEBUG_INFO = INCLUDE_SOURCE;
				MTL_FAST_MATH = YES;
				ONLY_ACTIVE_ARCH = YES;
				SDKROOT = iphoneos;
				SWIFT_ACTIVE_COMPILATION_CONDITIONS = "DEBUG $(inherited)";
				SWIFT_OPTIMIZATION_LEVEL = "-Onone";
			};
			name = Debug;
		};
		E2A407602DB7626100D8D181 /* Release */ = {
			isa = XCBuildConfiguration;
			buildSettings = {
				ALWAYS_SEARCH_USER_PATHS = NO;
				ASSETCATALOG_COMPILER_GENERATE_SWIFT_ASSET_SYMBOL_EXTENSIONS = YES;
				CLANG_ANALYZER_NONNULL = YES;
				CLANG_ANALYZER_NUMBER_OBJECT_CONVERSION = YES_AGGRESSIVE;
				CLANG_CXX_LANGUAGE_STANDARD = "gnu++20";
				CLANG_ENABLE_MODULES = YES;
				CLANG_ENABLE_OBJC_ARC = YES;
				CLANG_ENABLE_OBJC_WEAK = YES;
				CLANG_WARN_BLOCK_CAPTURE_AUTORELEASING = YES;
				CLANG_WARN_BOOL_CONVERSION = YES;
				CLANG_WARN_COMMA = YES;
				CLANG_WARN_CONSTANT_CONVERSION = YES;
				CLANG_WARN_DEPRECATED_OBJC_IMPLEMENTATIONS = YES;
				CLANG_WARN_DIRECT_OBJC_ISA_USAGE = YES_ERROR;
				CLANG_WARN_DOCUMENTATION_COMMENTS = YES;
				CLANG_WARN_EMPTY_BODY = YES;
				CLANG_WARN_ENUM_CONVERSION = YES;
				CLANG_WARN_INFINITE_RECURSION = YES;
				CLANG_WARN_INT_CONVERSION = YES;
				CLANG_WARN_NON_LITERAL_NULL_CONVERSION = YES;
				CLANG_WARN_OBJC_IMPLICIT_RETAIN_SELF = YES;
				CLANG_WARN_OBJC_LITERAL_CONVERSION = YES;
				CLANG_WARN_OBJC_ROOT_CLASS = YES_ERROR;
				CLANG_WARN_QUOTED_INCLUDE_IN_FRAMEWORK_HEADER = YES;
				CLANG_WARN_RANGE_LOOP_ANALYSIS = YES;
				CLANG_WARN_STRICT_PROTOTYPES = YES;
				CLANG_WARN_SUSPICIOUS_MOVE = YES;
				CLANG_WARN_UNGUARDED_AVAILABILITY = YES_AGGRESSIVE;
				CLANG_WARN_UNREACHABLE_CODE = YES;
				CLANG_WARN__DUPLICATE_METHOD_MATCH = YES;
				COPY_PHASE_STRIP = NO;
				DEBUG_INFORMATION_FORMAT = "dwarf-with-dsym";
				DEVELOPMENT_TEAM = 2Y4Z3VN3ZC;
				ENABLE_NS_ASSERTIONS = NO;
				ENABLE_STRICT_OBJC_MSGSEND = YES;
				ENABLE_USER_SCRIPT_SANDBOXING = YES;
				GCC_C_LANGUAGE_STANDARD = gnu17;
				GCC_NO_COMMON_BLOCKS = YES;
				GCC_WARN_64_TO_32_BIT_CONVERSION = YES;
				GCC_WARN_ABOUT_RETURN_TYPE = YES_ERROR;
				GCC_WARN_UNDECLARED_SELECTOR = YES;
				GCC_WARN_UNINITIALIZED_AUTOS = YES_AGGRESSIVE;
				GCC_WARN_UNUSED_FUNCTION = YES;
				GCC_WARN_UNUSED_VARIABLE = YES;
				INFOPLIST_KEY_NSCameraUsageDescription = "SnackSense uses your camera to scan food labels and provide nutrition information.";
				IPHONEOS_DEPLOYMENT_TARGET = 18.4;
				LOCALIZATION_PREFERS_STRING_CATALOGS = YES;
				MTL_ENABLE_DEBUG_INFO = NO;
				MTL_FAST_MATH = YES;
				SDKROOT = iphoneos;
				SWIFT_COMPILATION_MODE = wholemodule;
				VALIDATE_PRODUCT = YES;
			};
			name = Release;
		};
		E2A407622DB7626100D8D181 /* Debug */ = {
			isa = XCBuildConfiguration;
			buildSettings = {
				ASSETCATALOG_COMPILER_APPICON_NAME = AppIcon;
				ASSETCATALOG_COMPILER_GLOBAL_ACCENT_COLOR_NAME = AccentColor;
				CODE_SIGN_STYLE = Automatic;
				CURRENT_PROJECT_VERSION = 1;
				DEVELOPMENT_TEAM = 2Y4Z3VN3ZC;
				ENABLE_PREVIEWS = YES;
				GENERATE_INFOPLIST_FILE = YES;
				INFOPLIST_FILE = SnackSense/Info.plist;
				INFOPLIST_KEY_NSCameraUsageDescription = "SnackSense uses your camera to scan food labels and provide nutrition information.";
				INFOPLIST_KEY_UIApplicationSceneManifest_Generation = YES;
				INFOPLIST_KEY_UIApplicationSupportsIndirectInputEvents = YES;
				INFOPLIST_KEY_UILaunchScreen_Generation = YES;
				INFOPLIST_KEY_UISupportedInterfaceOrientations_iPad = "UIInterfaceOrientationPortrait UIInterfaceOrientationPortraitUpsideDown UIInterfaceOrientationLandscapeLeft UIInterfaceOrientationLandscapeRight";
				INFOPLIST_KEY_UISupportedInterfaceOrientations_iPhone = "UIInterfaceOrientationPortrait UIInterfaceOrientationLandscapeLeft UIInterfaceOrientationLandscapeRight";
				LD_RUNPATH_SEARCH_PATHS = (
					"$(inherited)",
					"@executable_path/Frameworks",
				);
				MARKETING_VERSION = 1.0;
				PRODUCT_BUNDLE_IDENTIFIER = "com.thomas-johnston.SnackSense";
				PRODUCT_NAME = "$(TARGET_NAME)";
				SWIFT_EMIT_LOC_STRINGS = YES;
				SWIFT_VERSION = 5.0;
				TARGETED_DEVICE_FAMILY = "1,2";
			};
			name = Debug;
		};
		E2A407632DB7626100D8D181 /* Release */ = {
			isa = XCBuildConfiguration;
			buildSettings = {
				ASSETCATALOG_COMPILER_APPICON_NAME = AppIcon;
				ASSETCATALOG_COMPILER_GLOBAL_ACCENT_COLOR_NAME = AccentColor;
				CODE_SIGN_STYLE = Automatic;
				CURRENT_PROJECT_VERSION = 1;
				DEVELOPMENT_TEAM = 2Y4Z3VN3ZC;
				ENABLE_PREVIEWS = YES;
				GENERATE_INFOPLIST_FILE = YES;
				INFOPLIST_FILE = SnackSense/Info.plist;
				INFOPLIST_KEY_NSCameraUsageDescription = "SnackSense uses your camera to scan food labels and provide nutrition information.";
				INFOPLIST_KEY_UIApplicationSceneManifest_Generation = YES;
				INFOPLIST_KEY_UIApplicationSupportsIndirectInputEvents = YES;
				INFOPLIST_KEY_UILaunchScreen_Generation = YES;
				INFOPLIST_KEY_UISupportedInterfaceOrientations_iPad = "UIInterfaceOrientationPortrait UIInterfaceOrientationPortraitUpsideDown UIInterfaceOrientationLandscapeLeft UIInterfaceOrientationLandscapeRight";
				INFOPLIST_KEY_UISupportedInterfaceOrientations_iPhone = "UIInterfaceOrientationPortrait UIInterfaceOrientationLandscapeLeft UIInterfaceOrientationLandscapeRight";
				LD_RUNPATH_SEARCH_PATHS = (
					"$(inherited)",
					"@executable_path/Frameworks",
				);
				MARKETING_VERSION = 1.0;
				PRODUCT_BUNDLE_IDENTIFIER = "com.thomas-johnston.SnackSense";
				PRODUCT_NAME = "$(TARGET_NAME)";
				SWIFT_EMIT_LOC_STRINGS = YES;
				SWIFT_VERSION = 5.0;
				TARGETED_DEVICE_FAMILY = "1,2";
			};
			name = Release;
		};
		E2A407652DB7626100D8D181 /* Debug */ = {
			isa = XCBuildConfiguration;
			buildSettings = {
				BUNDLE_LOADER = "$(TEST_HOST)";
				CODE_SIGN_STYLE = Automatic;
				CURRENT_PROJECT_VERSION = 1;
				DEVELOPMENT_TEAM = 2Y4Z3VN3ZC;
				GENERATE_INFOPLIST_FILE = YES;
				IPHONEOS_DEPLOYMENT_TARGET = 18.4;
				MARKETING_VERSION = 1.0;
				PRODUCT_BUNDLE_IDENTIFIER = "com.thomas-johnston.SnackSenseTests";
				PRODUCT_NAME = "$(TARGET_NAME)";
				SWIFT_EMIT_LOC_STRINGS = NO;
				SWIFT_VERSION = 5.0;
				TARGETED_DEVICE_FAMILY = "1,2";
				TEST_HOST = "$(BUILT_PRODUCTS_DIR)/SnackSense.app/$(BUNDLE_EXECUTABLE_FOLDER_PATH)/SnackSense";
			};
			name = Debug;
		};
		E2A407662DB7626100D8D181 /* Release */ = {
			isa = XCBuildConfiguration;
			buildSettings = {
				BUNDLE_LOADER = "$(TEST_HOST)";
				CODE_SIGN_STYLE = Automatic;
				CURRENT_PROJECT_VERSION = 1;
				DEVELOPMENT_TEAM = 2Y4Z3VN3ZC;
				GENERATE_INFOPLIST_FILE = YES;
				IPHONEOS_DEPLOYMENT_TARGET = 18.4;
				MARKETING_VERSION = 1.0;
				PRODUCT_BUNDLE_IDENTIFIER = "com.thomas-johnston.SnackSenseTests";
				PRODUCT_NAME = "$(TARGET_NAME)";
				SWIFT_EMIT_LOC_STRINGS = NO;
				SWIFT_VERSION = 5.0;
				TARGETED_DEVICE_FAMILY = "1,2";
				TEST_HOST = "$(BUILT_PRODUCTS_DIR)/SnackSense.app/$(BUNDLE_EXECUTABLE_FOLDER_PATH)/SnackSense";
			};
			name = Release;
		};
		E2A407682DB7626100D8D181 /* Debug */ = {
			isa = XCBuildConfiguration;
			buildSettings = {
				CODE_SIGN_STYLE = Automatic;
				CURRENT_PROJECT_VERSION = 1;
				DEVELOPMENT_TEAM = 2Y4Z3VN3ZC;
				GENERATE_INFOPLIST_FILE = YES;
				MARKETING_VERSION = 1.0;
				PRODUCT_BUNDLE_IDENTIFIER = "com.thomas-johnston.SnackSenseUITests";
				PRODUCT_NAME = "$(TARGET_NAME)";
				SWIFT_EMIT_LOC_STRINGS = NO;
				SWIFT_VERSION = 5.0;
				TARGETED_DEVICE_FAMILY = "1,2";
				TEST_TARGET_NAME = SnackSense;
			};
			name = Debug;
		};
		E2A407692DB7626100D8D181 /* Release */ = {
			isa = XCBuildConfiguration;
			buildSettings = {
				CODE_SIGN_STYLE = Automatic;
				CURRENT_PROJECT_VERSION = 1;
				DEVELOPMENT_TEAM = 2Y4Z3VN3ZC;
				GENERATE_INFOPLIST_FILE = YES;
				MARKETING_VERSION = 1.0;
				PRODUCT_BUNDLE_IDENTIFIER = "com.thomas-johnston.SnackSenseUITests";
				PRODUCT_NAME = "$(TARGET_NAME)";
				SWIFT_EMIT_LOC_STRINGS = NO;
				SWIFT_VERSION = 5.0;
				TARGETED_DEVICE_FAMILY = "1,2";
				TEST_TARGET_NAME = SnackSense;
			};
			name = Release;
		};
/* End XCBuildConfiguration section */

/* Begin XCConfigurationList section */
		E2A407392DB7625F00D8D181 /* Build configuration list for PBXProject "SnackSense" */ = {
			isa = XCConfigurationList;
			buildConfigurations = (
				E2A4075F2DB7626100D8D181 /* Debug */,
				E2A407602DB7626100D8D181 /* Release */,
			);
			defaultConfigurationIsVisible = 0;
			defaultConfigurationName = Release;
		};
		E2A407612DB7626100D8D181 /* Build configuration list for PBXNativeTarget "SnackSense" */ = {
			isa = XCConfigurationList;
			buildConfigurations = (
				E2A407622DB7626100D8D181 /* Debug */,
				E2A407632DB7626100D8D181 /* Release */,
			);
			defaultConfigurationIsVisible = 0;
			defaultConfigurationName = Release;
		};
		E2A407642DB7626100D8D181 /* Build configuration list for PBXNativeTarget "SnackSenseTests" */ = {
			isa = XCConfigurationList;
			buildConfigurations = (
				E2A407652DB7626100D8D181 /* Debug */,
				E2A407662DB7626100D8D181 /* Release */,
			);
			defaultConfigurationIsVisible = 0;
			defaultConfigurationName = Release;
		};
		E2A407672DB7626100D8D181 /* Build configuration list for PBXNativeTarget "SnackSenseUITests" */ = {
			isa = XCConfigurationList;
			buildConfigurations = (
				E2A407682DB7626100D8D181 /* Debug */,
				E2A407692DB7626100D8D181 /* Release */,
			);
			defaultConfigurationIsVisible = 0;
			defaultConfigurationName = Release;
		};
/* End XCConfigurationList section */

/* Begin XCRemoteSwiftPackageReference section */
		E2DF1B102DE5A3A2004DA23A /* XCRemoteSwiftPackageReference "Auth0" */ = {
			isa = XCRemoteSwiftPackageReference;
			repositoryURL = "https://github.com/auth0/Auth0.swift";
			requirement = {
				kind = upToNextMajorVersion;
				minimumVersion = 2.12.0;
			};
		};
/* End XCRemoteSwiftPackageReference section */

/* Begin XCSwiftPackageProductDependency section */
		E29529F02DE6E2BA00D0D81C /* Auth0 */ = {
			isa = XCSwiftPackageProductDependency;
			package = E2DF1B102DE5A3A2004DA23A /* XCRemoteSwiftPackageReference "Auth0" */;
			productName = Auth0;
		};
/* End XCSwiftPackageProductDependency section */
	};
	rootObject = E2A407362DB7625F00D8D181 /* Project object */;
}
